
Microsoft Visual Studio Solution File, Format Version 12.00
# Visual Studio Version 16
VisualStudioVersion = 16.0.32106.194
MinimumVisualStudioVersion = 10.0.40219.1
Project("{F184B08F-C81C-45F6-A57F-5ABD9991F28F}") = "A2_LoadMoments_athomas5161", "A2_LoadMoments_athomas5161.vbproj", "{D0CCD298-AC72-48A0-8B02-B01C84431B71}"
EndProject
Global
	GlobalSection(SolutionConfigurationPlatforms) = preSolution
		Debug|Any CPU = Debug|Any CPU
		Release|Any CPU = Release|Any CPU
	EndGlobalSection
	GlobalSection(ProjectConfigurationPlatforms) = postSolution
		{D0CCD298-AC72-48A0-8B02-B01C84431B71}.Debug|Any CPU.ActiveCfg = Debug|Any CPU
		{D0CCD298-AC72-48A0-8B02-B01C84431B71}.Debug|Any CPU.Build.0 = Debug|Any CPU
		{D0CCD298-AC72-48A0-8B02-B01C84431B71}.Release|Any CPU.ActiveCfg = Release|Any CPU
		{D0CCD298-AC72-48A0-8B02-B01C84431B71}.Release|Any CPU.Build.0 = Release|Any CPU
	EndGlobalSection
	GlobalSection(SolutionProperties) = preSolution
		HideSolutionNode = FALSE
	EndGlobalSection
	GlobalSection(ExtensibilityGlobals) = postSolution
		SolutionGuid = {C20CDD9C-0984-44AC-B026-C31E801613A8}
	EndGlobalSection
EndGlobal
